PODS:
  - Alamofire (4.9.1)
  - ObjectMapper (3.5.1)
  - ReachabilitySwift (5.0.0)
  - Realm (4.3.0):
    - Realm/Headers (= 4.3.0)
  - Realm/Headers (4.3.0)
  - RealmSwift (4.3.0):
    - Realm (= 4.3.0)

DEPENDENCIES:
  - Alamofire (= 4.9.1)
  - ObjectMapper (~> 3.4)
  - ReachabilitySwift
  - RealmSwift

SPEC REPOS:
  trunk:
    - Alamofire
    - ObjectMapper
    - ReachabilitySwift
    - Realm
    - RealmSwift

SPEC CHECKSUMS:
  Alamofire: 85e8a02c69d6020a0d734f6054870d7ecb75cf18
  ObjectMapper: 70187b8941977c62ccfb423caf6b50be405cabf0
  ReachabilitySwift: 985039c6f7b23a1da463388634119492ff86c825
  Realm: 9357c3589555793e1860a7104a7412bca4a48d99
  RealmSwift: 402f1e379a8ef82c635313037b043f0f06de880c

PODFILE CHECKSUM: 081daa0779dd5e0839409e1b391e18d905055e7b

COCOAPODS: 1.8.4
